// !$*UTF8*$!
{
	archiveVersion = 1;
	classes = {
	};
	objectVersion = 56;
	objects = {

/* Begin PBXBuildFile section */
		B01106282C199FE500AD9705 /* CreditAPIViewController.swift in Sources */ = {isa = PBXBuildFile; fileRef = B01106272C199FE500AD9705 /* CreditAPIViewController.swift */; };
		B011062A2C19D23400AD9705 /* OverViewTableViewCell.swift in Sources */ = {isa = PBXBuildFile; fileRef = B01106292C19D23400AD9705 /* OverViewTableViewCell.swift */; };
		B011062C2C19D25900AD9705 /* CastTableViewCell.swift in Sources */ = {isa = PBXBuildFile; fileRef = B011062B2C19D25900AD9705 /* CastTableViewCell.swift */; };
		B01BF85F2C1729E100CD30B9 /* Alamofire in Frameworks */ = {isa = PBXBuildFile; productRef = B01BF85E2C1729E100CD30B9 /* Alamofire */; };
		B01BF8632C172FB600CD30B9 /* .gitignore in Resources */ = {isa = PBXBuildFile; fileRef = B01BF8622C172FB600CD30B9 /* .gitignore */; };
		B01BF8652C172FCE00CD30B9 /* APIURL.swift in Sources */ = {isa = PBXBuildFile; fileRef = B01BF8642C172FCE00CD30B9 /* APIURL.swift */; };
		B01BF8672C17348500CD30B9 /* Trend.swift in Sources */ = {isa = PBXBuildFile; fileRef = B01BF8662C17348500CD30B9 /* Trend.swift */; };
		B02B65C92C17E155002C17B9 /* Kingfisher in Frameworks */ = {isa = PBXBuildFile; productRef = B02B65C82C17E155002C17B9 /* Kingfisher */; };
		B02B65DD2C184C03002C17B9 /* MovieCollectionViewController.swift in Sources */ = {isa = PBXBuildFile; fileRef = B02B65DC2C184C03002C17B9 /* MovieCollectionViewController.swift */; };
		B02B65DF2C184F83002C17B9 /* MovieModel.swift in Sources */ = {isa = PBXBuildFile; fileRef = B02B65DE2C184F83002C17B9 /* MovieModel.swift */; };
		B02B65E12C185775002C17B9 /* MovieCollectionViewCell.swift in Sources */ = {isa = PBXBuildFile; fileRef = B02B65E02C185775002C17B9 /* MovieCollectionViewCell.swift */; };
		B03A1A2C2C103D5B006CFB9C /* UITextField+Extension.swift in Sources */ = {isa = PBXBuildFile; fileRef = B03A1A2B2C103D5B006CFB9C /* UITextField+Extension.swift */; };
		B03A1A9A2C16E119006CFB9C /* TrendViewController.swift in Sources */ = {isa = PBXBuildFile; fileRef = B03A1A992C16E119006CFB9C /* TrendViewController.swift */; };
		B03A1A9C2C16E8BB006CFB9C /* TrendTableViewCell.swift in Sources */ = {isa = PBXBuildFile; fileRef = B03A1A9B2C16E8BB006CFB9C /* TrendTableViewCell.swift */; };
		B03A1A9E2C16E91D006CFB9C /* ReuseIdentifier.swift in Sources */ = {isa = PBXBuildFile; fileRef = B03A1A9D2C16E91D006CFB9C /* ReuseIdentifier.swift */; };
		B053C3B92C0F4A8F009A98E4 /* AppDelegate.swift in Sources */ = {isa = PBXBuildFile; fileRef = B053C3B82C0F4A8F009A98E4 /* AppDelegate.swift */; };
		B053C3BB2C0F4A8F009A98E4 /* SceneDelegate.swift in Sources */ = {isa = PBXBuildFile; fileRef = B053C3BA2C0F4A8F009A98E4 /* SceneDelegate.swift */; };
		B053C3BD2C0F4A8F009A98E4 /* ViewController.swift in Sources */ = {isa = PBXBuildFile; fileRef = B053C3BC2C0F4A8F009A98E4 /* ViewController.swift */; };
		B053C3C02C0F4A8F009A98E4 /* Base in Resources */ = {isa = PBXBuildFile; fileRef = B053C3BF2C0F4A8F009A98E4 /* Base */; };
		B053C3C22C0F4A90009A98E4 /* Assets.xcassets in Resources */ = {isa = PBXBuildFile; fileRef = B053C3C12C0F4A90009A98E4 /* Assets.xcassets */; };
		B053C3C52C0F4A90009A98E4 /* Base in Resources */ = {isa = PBXBuildFile; fileRef = B053C3C42C0F4A90009A98E4 /* Base */; };
		B053C3CD2C0F4B45009A98E4 /* JoinUpViewController.swift in Sources */ = {isa = PBXBuildFile; fileRef = B053C3CC2C0F4B45009A98E4 /* JoinUpViewController.swift */; };
		B0F8A4632C0FD94B00639E84 /* UIImageView+Extension.swift in Sources */ = {isa = PBXBuildFile; fileRef = B0F8A4622C0FD94B00639E84 /* UIImageView+Extension.swift */; };
		B0F8A4692C0FDAC600639E84 /* SnapKit in Frameworks */ = {isa = PBXBuildFile; productRef = B0F8A4682C0FDAC600639E84 /* SnapKit */; };
/* End PBXBuildFile section */

/* Begin PBXFileReference section */
		B01106272C199FE500AD9705 /* CreditAPIViewController.swift */ = {isa = PBXFileReference; lastKnownFileType = sourcecode.swift; path = CreditAPIViewController.swift; sourceTree = "<group>"; };
		B01106292C19D23400AD9705 /* OverViewTableViewCell.swift */ = {isa = PBXFileReference; lastKnownFileType = sourcecode.swift; path = OverViewTableViewCell.swift; sourceTree = "<group>"; };
		B011062B2C19D25900AD9705 /* CastTableViewCell.swift */ = {isa = PBXFileReference; lastKnownFileType = sourcecode.swift; path = CastTableViewCell.swift; sourceTree = "<group>"; };
		B01BF8622C172FB600CD30B9 /* .gitignore */ = {isa = PBXFileReference; lastKnownFileType = text; path = .gitignore; sourceTree = "<group>"; };
		B01BF8642C172FCE00CD30B9 /* APIURL.swift */ = {isa = PBXFileReference; lastKnownFileType = sourcecode.swift; path = APIURL.swift; sourceTree = "<group>"; };
		B01BF8662C17348500CD30B9 /* Trend.swift */ = {isa = PBXFileReference; lastKnownFileType = sourcecode.swift; path = Trend.swift; sourceTree = "<group>"; };
		B02B65DC2C184C03002C17B9 /* MovieCollectionViewController.swift */ = {isa = PBXFileReference; lastKnownFileType = sourcecode.swift; path = MovieCollectionViewController.swift; sourceTree = "<group>"; };
		B02B65DE2C184F83002C17B9 /* MovieModel.swift */ = {isa = PBXFileReference; lastKnownFileType = sourcecode.swift; path = MovieModel.swift; sourceTree = "<group>"; };
		B02B65E02C185775002C17B9 /* MovieCollectionViewCell.swift */ = {isa = PBXFileReference; lastKnownFileType = sourcecode.swift; path = MovieCollectionViewCell.swift; sourceTree = "<group>"; };
		B03A1A2B2C103D5B006CFB9C /* UITextField+Extension.swift */ = {isa = PBXFileReference; lastKnownFileType = sourcecode.swift; path = "UITextField+Extension.swift"; sourceTree = "<group>"; };
		B03A1A992C16E119006CFB9C /* TrendViewController.swift */ = {isa = PBXFileReference; lastKnownFileType = sourcecode.swift; path = TrendViewController.swift; sourceTree = "<group>"; };
		B03A1A9B2C16E8BB006CFB9C /* TrendTableViewCell.swift */ = {isa = PBXFileReference; lastKnownFileType = sourcecode.swift; path = TrendTableViewCell.swift; sourceTree = "<group>"; };
		B03A1A9D2C16E91D006CFB9C /* ReuseIdentifier.swift */ = {isa = PBXFileReference; lastKnownFileType = sourcecode.swift; path = ReuseIdentifier.swift; sourceTree = "<group>"; };
		B053C3B52C0F4A8F009A98E4 /* MediaProject.app */ = {isa = PBXFileReference; explicitFileType = wrapper.application; includeInIndex = 0; path = MediaProject.app; sourceTree = BUILT_PRODUCTS_DIR; };
		B053C3B82C0F4A8F009A98E4 /* AppDelegate.swift */ = {isa = PBXFileReference; lastKnownFileType = sourcecode.swift; path = AppDelegate.swift; sourceTree = "<group>"; };
		B053C3BA2C0F4A8F009A98E4 /* SceneDelegate.swift */ = {isa = PBXFileReference; lastKnownFileType = sourcecode.swift; path = SceneDelegate.swift; sourceTree = "<group>"; };
		B053C3BC2C0F4A8F009A98E4 /* ViewController.swift */ = {isa = PBXFileReference; lastKnownFileType = sourcecode.swift; path = ViewController.swift; sourceTree = "<group>"; };
		B053C3BF2C0F4A8F009A98E4 /* Base */ = {isa = PBXFileReference; lastKnownFileType = file.storyboard; name = Base; path = Base.lproj/Main.storyboard; sourceTree = "<group>"; };
		B053C3C12C0F4A90009A98E4 /* Assets.xcassets */ = {isa = PBXFileReference; lastKnownFileType = folder.assetcatalog; path = Assets.xcassets; sourceTree = "<group>"; };
		B053C3C42C0F4A90009A98E4 /* Base */ = {isa = PBXFileReference; lastKnownFileType = file.storyboard; name = Base; path = Base.lproj/LaunchScreen.storyboard; sourceTree = "<group>"; };
		B053C3C62C0F4A90009A98E4 /* Info.plist */ = {isa = PBXFileReference; lastKnownFileType = text.plist.xml; path = Info.plist; sourceTree = "<group>"; };
		B053C3CC2C0F4B45009A98E4 /* JoinUpViewController.swift */ = {isa = PBXFileReference; lastKnownFileType = sourcecode.swift; path = JoinUpViewController.swift; sourceTree = "<group>"; };
		B0F8A4622C0FD94B00639E84 /* UIImageView+Extension.swift */ = {isa = PBXFileReference; lastKnownFileType = sourcecode.swift; path = "UIImageView+Extension.swift"; sourceTree = "<group>"; };
/* End PBXFileReference section */

/* Begin PBXFrameworksBuildPhase section */
		B053C3B22C0F4A8F009A98E4 /* Frameworks */ = {
			isa = PBXFrameworksBuildPhase;
			buildActionMask = 2147483647;
			files = (
				B02B65C92C17E155002C17B9 /* Kingfisher in Frameworks */,
				B0F8A4692C0FDAC600639E84 /* SnapKit in Frameworks */,
				B01BF85F2C1729E100CD30B9 /* Alamofire in Frameworks */,
			);
			runOnlyForDeploymentPostprocessing = 0;
		};
/* End PBXFrameworksBuildPhase section */

/* Begin PBXGroup section */
		B02B65E22C188C9B002C17B9 /* Movie */ = {
			isa = PBXGroup;
			children = (
				B02B65DE2C184F83002C17B9 /* MovieModel.swift */,
				B02B65DC2C184C03002C17B9 /* MovieCollectionViewController.swift */,
				B02B65E02C185775002C17B9 /* MovieCollectionViewCell.swift */,
			);
			path = Movie;
			sourceTree = "<group>";
		};
		B03A1A2D2C10421F006CFB9C /* Extension */ = {
			isa = PBXGroup;
			children = (
				B03A1A2B2C103D5B006CFB9C /* UITextField+Extension.swift */,
				B03A1A9D2C16E91D006CFB9C /* ReuseIdentifier.swift */,
				B0F8A4622C0FD94B00639E84 /* UIImageView+Extension.swift */,
			);
			path = Extension;
			sourceTree = "<group>";
		};
		B03A1A972C16DC56006CFB9C /* JACKFLIX */ = {
			isa = PBXGroup;
			children = (
				B053C3BC2C0F4A8F009A98E4 /* ViewController.swift */,
				B053C3CC2C0F4B45009A98E4 /* JoinUpViewController.swift */,
			);
			path = JACKFLIX;
			sourceTree = "<group>";
		};
		B03A1A982C16DD49006CFB9C /* Trend */ = {
			isa = PBXGroup;
			children = (
				B03A1A992C16E119006CFB9C /* TrendViewController.swift */,
				B01BF8662C17348500CD30B9 /* Trend.swift */,
				B03A1A9B2C16E8BB006CFB9C /* TrendTableViewCell.swift */,
				B01106272C199FE500AD9705 /* CreditAPIViewController.swift */,
				B01106292C19D23400AD9705 /* OverViewTableViewCell.swift */,
				B011062B2C19D25900AD9705 /* CastTableViewCell.swift */,
			);
			path = Trend;
			sourceTree = "<group>";
		};
		B053C3AC2C0F4A8F009A98E4 = {
			isa = PBXGroup;
			children = (
				B01BF8622C172FB600CD30B9 /* .gitignore */,
				B053C3B72C0F4A8F009A98E4 /* MediaProject */,
				B053C3B62C0F4A8F009A98E4 /* Products */,
			);
			sourceTree = "<group>";
		};
		B053C3B62C0F4A8F009A98E4 /* Products */ = {
			isa = PBXGroup;
			children = (
				B053C3B52C0F4A8F009A98E4 /* MediaProject.app */,
			);
			name = Products;
			sourceTree = "<group>";
		};
		B053C3B72C0F4A8F009A98E4 /* MediaProject */ = {
			isa = PBXGroup;
			children = (
				B053C3B82C0F4A8F009A98E4 /* AppDelegate.swift */,
				B053C3BA2C0F4A8F009A98E4 /* SceneDelegate.swift */,
				B02B65E22C188C9B002C17B9 /* Movie */,
				B03A1A982C16DD49006CFB9C /* Trend */,
				B03A1A972C16DC56006CFB9C /* JACKFLIX */,
				B03A1A2D2C10421F006CFB9C /* Extension */,
				B053C3BE2C0F4A8F009A98E4 /* Main.storyboard */,
				B053C3C12C0F4A90009A98E4 /* Assets.xcassets */,
				B053C3C32C0F4A90009A98E4 /* LaunchScreen.storyboard */,
				B053C3C62C0F4A90009A98E4 /* Info.plist */,
				B01BF8642C172FCE00CD30B9 /* APIURL.swift */,
			);
			path = MediaProject;
			sourceTree = "<group>";
		};
/* End PBXGroup section */

/* Begin PBXNativeTarget section */
		B053C3B42C0F4A8F009A98E4 /* MediaProject */ = {
			isa = PBXNativeTarget;
			buildConfigurationList = B053C3C92C0F4A90009A98E4 /* Build configuration list for PBXNativeTarget "MediaProject" */;
			buildPhases = (
				B053C3B12C0F4A8F009A98E4 /* Sources */,
				B053C3B22C0F4A8F009A98E4 /* Frameworks */,
				B053C3B32C0F4A8F009A98E4 /* Resources */,
			);
			buildRules = (
			);
			dependencies = (
			);
			name = MediaProject;
			packageProductDependencies = (
				B0F8A4682C0FDAC600639E84 /* SnapKit */,
				B01BF85E2C1729E100CD30B9 /* Alamofire */,
				B02B65C82C17E155002C17B9 /* Kingfisher */,
			);
			productName = MediaProject;
			productReference = B053C3B52C0F4A8F009A98E4 /* MediaProject.app */;
			productType = "com.apple.product-type.application";
		};
/* End PBXNativeTarget section */

/* Begin PBXProject section */
		B053C3AD2C0F4A8F009A98E4 /* Project object */ = {
			isa = PBXProject;
			attributes = {
				BuildIndependentTargetsInParallel = 1;
				LastSwiftUpdateCheck = 1540;
				LastUpgradeCheck = 1540;
				TargetAttributes = {
					B053C3B42C0F4A8F009A98E4 = {
						CreatedOnToolsVersion = 15.4;
					};
				};
			};
			buildConfigurationList = B053C3B02C0F4A8F009A98E4 /* Build configuration list for PBXProject "MediaProject" */;
			compatibilityVersion = "Xcode 14.0";
			developmentRegion = en;
			hasScannedForEncodings = 0;
			knownRegions = (
				en,
				Base,
			);
			mainGroup = B053C3AC2C0F4A8F009A98E4;
			packageReferences = (
				B0F8A4672C0FDAC600639E84 /* XCRemoteSwiftPackageReference "SnapKit" */,
				B01BF85D2C1729E100CD30B9 /* XCRemoteSwiftPackageReference "Alamofire" */,
				B02B65C72C17E155002C17B9 /* XCRemoteSwiftPackageReference "Kingfisher" */,
			);
			productRefGroup = B053C3B62C0F4A8F009A98E4 /* Products */;
			projectDirPath = "";
			projectRoot = "";
			targets = (
				B053C3B42C0F4A8F009A98E4 /* MediaProject */,
			);
		};
/* End PBXProject section */

/* Begin PBXResourcesBuildPhase section */
		B053C3B32C0F4A8F009A98E4 /* Resources */ = {
			isa = PBXResourcesBuildPhase;
			buildActionMask = 2147483647;
			files = (
				B01BF8632C172FB600CD30B9 /* .gitignore in Resources */,
				B053C3C22C0F4A90009A98E4 /* Assets.xcassets in Resources */,
				B053C3C52C0F4A90009A98E4 /* Base in Resources */,
				B053C3C02C0F4A8F009A98E4 /* Base in Resources */,
			);
			runOnlyForDeploymentPostprocessing = 0;
		};
/* End PBXResourcesBuildPhase section */

/* Begin PBXSourcesBuildPhase section */
		B053C3B12C0F4A8F009A98E4 /* Sources */ = {
			isa = PBXSourcesBuildPhase;
			buildActionMask = 2147483647;
			files = (
				B011062A2C19D23400AD9705 /* OverViewTableViewCell.swift in Sources */,
				B0F8A4632C0FD94B00639E84 /* UIImageView+Extension.swift in Sources */,
				B053C3BD2C0F4A8F009A98E4 /* ViewController.swift in Sources */,
				B011062C2C19D25900AD9705 /* CastTableViewCell.swift in Sources */,
				B01BF8672C17348500CD30B9 /* Trend.swift in Sources */,
				B053C3B92C0F4A8F009A98E4 /* AppDelegate.swift in Sources */,
				B03A1A9C2C16E8BB006CFB9C /* TrendTableViewCell.swift in Sources */,
				B01106282C199FE500AD9705 /* CreditAPIViewController.swift in Sources */,
				B02B65DD2C184C03002C17B9 /* MovieCollectionViewController.swift in Sources */,
				B02B65DF2C184F83002C17B9 /* MovieModel.swift in Sources */,
				B03A1A2C2C103D5B006CFB9C /* UITextField+Extension.swift in Sources */,
				B03A1A9A2C16E119006CFB9C /* TrendViewController.swift in Sources */,
				B053C3CD2C0F4B45009A98E4 /* JoinUpViewController.swift in Sources */,
				B03A1A9E2C16E91D006CFB9C /* ReuseIdentifier.swift in Sources */,
				B02B65E12C185775002C17B9 /* MovieCollectionViewCell.swift in Sources */,
				B01BF8652C172FCE00CD30B9 /* APIURL.swift in Sources */,
				B053C3BB2C0F4A8F009A98E4 /* SceneDelegate.swift in Sources */,
			);
			runOnlyForDeploymentPostprocessing = 0;
		};
/* End PBXSourcesBuildPhase section */

/* Begin PBXVariantGroup section */
		B053C3BE2C0F4A8F009A98E4 /* Main.storyboard */ = {
			isa = PBXVariantGroup;
			children = (
				B053C3BF2C0F4A8F009A98E4 /* Base */,
			);
			name = Main.storyboard;
			sourceTree = "<group>";
		};
		B053C3C32C0F4A90009A98E4 /* LaunchScreen.storyboard */ = {
			isa = PBXVariantGroup;
			children = (
				B053C3C42C0F4A90009A98E4 /* Base */,
			);
			name = LaunchScreen.storyboard;
			sourceTree = "<group>";
		};
/* End PBXVariantGroup section */

/* Begin XCBuildConfiguration section */
		B053C3C72C0F4A90009A98E4 /* Debug */ = {
			isa = XCBuildConfiguration;
			buildSettings = {
				ALWAYS_SEARCH_USER_PATHS = NO;
				ASSETCATALOG_COMPILER_GENERATE_SWIFT_ASSET_SYMBOL_EXTENSIONS = YES;
				CLANG_ANALYZER_NONNULL = YES;
				CLANG_ANALYZER_NUMBER_OBJECT_CONVERSION = YES_AGGRESSIVE;
				CLANG_CXX_LANGUAGE_STANDARD = "gnu++20";
				CLANG_ENABLE_MODULES = YES;
				CLANG_ENABLE_OBJC_ARC = YES;
				CLANG_ENABLE_OBJC_WEAK = YES;
				CLANG_WARN_BLOCK_CAPTURE_AUTORELEASING = YES;
				CLANG_WARN_BOOL_CONVERSION = YES;
				CLANG_WARN_COMMA = YES;
				CLANG_WARN_CONSTANT_CONVERSION = YES;
				CLANG_WARN_DEPRECATED_OBJC_IMPLEMENTATIONS = YES;
				CLANG_WARN_DIRECT_OBJC_ISA_USAGE = YES_ERROR;
				CLANG_WARN_DOCUMENTATION_COMMENTS = YES;
				CLANG_WARN_EMPTY_BODY = YES;
				CLANG_WARN_ENUM_CONVERSION = YES;
				CLANG_WARN_INFINITE_RECURSION = YES;
				CLANG_WARN_INT_CONVERSION = YES;
				CLANG_WARN_NON_LITERAL_NULL_CONVERSION = YES;
				CLANG_WARN_OBJC_IMPLICIT_RETAIN_SELF = YES;
				CLANG_WARN_OBJC_LITERAL_CONVERSION = YES;
				CLANG_WARN_OBJC_ROOT_CLASS = YES_ERROR;
				CLANG_WARN_QUOTED_INCLUDE_IN_FRAMEWORK_HEADER = YES;
				CLANG_WARN_RANGE_LOOP_ANALYSIS = YES;
				CLANG_WARN_STRICT_PROTOTYPES = YES;
				CLANG_WARN_SUSPICIOUS_MOVE = YES;
				CLANG_WARN_UNGUARDED_AVAILABILITY = YES_AGGRESSIVE;
				CLANG_WARN_UNREACHABLE_CODE = YES;
				CLANG_WARN__DUPLICATE_METHOD_MATCH = YES;
				COPY_PHASE_STRIP = NO;
				DEBUG_INFORMATION_FORMAT = dwarf;
				ENABLE_STRICT_OBJC_MSGSEND = YES;
				ENABLE_TESTABILITY = YES;
				ENABLE_USER_SCRIPT_SANDBOXING = YES;
				GCC_C_LANGUAGE_STANDARD = gnu17;
				GCC_DYNAMIC_NO_PIC = NO;
				GCC_NO_COMMON_BLOCKS = YES;
				GCC_OPTIMIZATION_LEVEL = 0;
				GCC_PREPROCESSOR_DEFINITIONS = (
					"DEBUG=1",
					"$(inherited)",
				);
				GCC_WARN_64_TO_32_BIT_CONVERSION = YES;
				GCC_WARN_ABOUT_RETURN_TYPE = YES_ERROR;
				GCC_WARN_UNDECLARED_SELECTOR = YES;
				GCC_WARN_UNINITIALIZED_AUTOS = YES_AGGRESSIVE;
				GCC_WARN_UNUSED_FUNCTION = YES;
				GCC_WARN_UNUSED_VARIABLE = YES;
				IPHONEOS_DEPLOYMENT_TARGET = 16.0;
				LOCALIZATION_PREFERS_STRING_CATALOGS = YES;
				MTL_ENABLE_DEBUG_INFO = INCLUDE_SOURCE;
				MTL_FAST_MATH = YES;
				ONLY_ACTIVE_ARCH = YES;
				SDKROOT = iphoneos;
				SWIFT_ACTIVE_COMPILATION_CONDITIONS = "DEBUG $(inherited)";
				SWIFT_OPTIMIZATION_LEVEL = "-Onone";
			};
			name = Debug;
		};
		B053C3C82C0F4A90009A98E4 /* Release */ = {
			isa = XCBuildConfiguration;
			buildSettings = {
				ALWAYS_SEARCH_USER_PATHS = NO;
				ASSETCATALOG_COMPILER_GENERATE_SWIFT_ASSET_SYMBOL_EXTENSIONS = YES;
				CLANG_ANALYZER_NONNULL = YES;
				CLANG_ANALYZER_NUMBER_OBJECT_CONVERSION = YES_AGGRESSIVE;
				CLANG_CXX_LANGUAGE_STANDARD = "gnu++20";
				CLANG_ENABLE_MODULES = YES;
				CLANG_ENABLE_OBJC_ARC = YES;
				CLANG_ENABLE_OBJC_WEAK = YES;
				CLANG_WARN_BLOCK_CAPTURE_AUTORELEASING = YES;
				CLANG_WARN_BOOL_CONVERSION = YES;
				CLANG_WARN_COMMA = YES;
				CLANG_WARN_CONSTANT_CONVERSION = YES;
				CLANG_WARN_DEPRECATED_OBJC_IMPLEMENTATIONS = YES;
				CLANG_WARN_DIRECT_OBJC_ISA_USAGE = YES_ERROR;
				CLANG_WARN_DOCUMENTATION_COMMENTS = YES;
				CLANG_WARN_EMPTY_BODY = YES;
				CLANG_WARN_ENUM_CONVERSION = YES;
				CLANG_WARN_INFINITE_RECURSION = YES;
				CLANG_WARN_INT_CONVERSION = YES;
				CLANG_WARN_NON_LITERAL_NULL_CONVERSION = YES;
				CLANG_WARN_OBJC_IMPLICIT_RETAIN_SELF = YES;
				CLANG_WARN_OBJC_LITERAL_CONVERSION = YES;
				CLANG_WARN_OBJC_ROOT_CLASS = YES_ERROR;
				CLANG_WARN_QUOTED_INCLUDE_IN_FRAMEWORK_HEADER = YES;
				CLANG_WARN_RANGE_LOOP_ANALYSIS = YES;
				CLANG_WARN_STRICT_PROTOTYPES = YES;
				CLANG_WARN_SUSPICIOUS_MOVE = YES;
				CLANG_WARN_UNGUARDED_AVAILABILITY = YES_AGGRESSIVE;
				CLANG_WARN_UNREACHABLE_CODE = YES;
				CLANG_WARN__DUPLICATE_METHOD_MATCH = YES;
				COPY_PHASE_STRIP = NO;
				DEBUG_INFORMATION_FORMAT = "dwarf-with-dsym";
				ENABLE_NS_ASSERTIONS = NO;
				ENABLE_STRICT_OBJC_MSGSEND = YES;
				ENABLE_USER_SCRIPT_SANDBOXING = YES;
				GCC_C_LANGUAGE_STANDARD = gnu17;
				GCC_NO_COMMON_BLOCKS = YES;
				GCC_WARN_64_TO_32_BIT_CONVERSION = YES;
				GCC_WARN_ABOUT_RETURN_TYPE = YES_ERROR;
				GCC_WARN_UNDECLARED_SELECTOR = YES;
				GCC_WARN_UNINITIALIZED_AUTOS = YES_AGGRESSIVE;
				GCC_WARN_UNUSED_FUNCTION = YES;
				GCC_WARN_UNUSED_VARIABLE = YES;
				IPHONEOS_DEPLOYMENT_TARGET = 16.0;
				LOCALIZATION_PREFERS_STRING_CATALOGS = YES;
				MTL_ENABLE_DEBUG_INFO = NO;
				MTL_FAST_MATH = YES;
				SDKROOT = iphoneos;
				SWIFT_COMPILATION_MODE = wholemodule;
				VALIDATE_PRODUCT = YES;
			};
			name = Release;
		};
		B053C3CA2C0F4A90009A98E4 /* Debug */ = {
			isa = XCBuildConfiguration;
			buildSettings = {
				ASSETCATALOG_COMPILER_APPICON_NAME = AppIcon;
				ASSETCATALOG_COMPILER_GLOBAL_ACCENT_COLOR_NAME = AccentColor;
				CODE_SIGN_STYLE = Automatic;
				CURRENT_PROJECT_VERSION = 1;
				DEVELOPMENT_TEAM = "";
				GENERATE_INFOPLIST_FILE = YES;
				INFOPLIST_FILE = MediaProject/Info.plist;
				INFOPLIST_KEY_UIApplicationSupportsIndirectInputEvents = YES;
				INFOPLIST_KEY_UILaunchStoryboardName = LaunchScreen;
				INFOPLIST_KEY_UIMainStoryboardFile = Main;
				INFOPLIST_KEY_UISupportedInterfaceOrientations_iPad = "UIInterfaceOrientationPortrait UIInterfaceOrientationPortraitUpsideDown UIInterfaceOrientationLandscapeLeft UIInterfaceOrientationLandscapeRight";
				INFOPLIST_KEY_UISupportedInterfaceOrientations_iPhone = "UIInterfaceOrientationPortrait UIInterfaceOrientationLandscapeLeft UIInterfaceOrientationLandscapeRight";
				LD_RUNPATH_SEARCH_PATHS = (
					"$(inherited)",
					"@executable_path/Frameworks",
				);
				MARKETING_VERSION = 1.0;
				PRODUCT_BUNDLE_IDENTIFIER = com.miley.MediaProject;
				PRODUCT_NAME = "$(TARGET_NAME)";
				SWIFT_EMIT_LOC_STRINGS = YES;
				SWIFT_VERSION = 5.0;
				TARGETED_DEVICE_FAMILY = "1,2";
			};
			name = Debug;
		};
		B053C3CB2C0F4A90009A98E4 /* Release */ = {
			isa = XCBuildConfiguration;
			buildSettings = {
				ASSETCATALOG_COMPILER_APPICON_NAME = AppIcon;
				ASSETCATALOG_COMPILER_GLOBAL_ACCENT_COLOR_NAME = AccentColor;
				CODE_SIGN_STYLE = Automatic;
				CURRENT_PROJECT_VERSION = 1;
				DEVELOPMENT_TEAM = "";
				GENERATE_INFOPLIST_FILE = YES;
				INFOPLIST_FILE = MediaProject/Info.plist;
				INFOPLIST_KEY_UIApplicationSupportsIndirectInputEvents = YES;
				INFOPLIST_KEY_UILaunchStoryboardName = LaunchScreen;
				INFOPLIST_KEY_UIMainStoryboardFile = Main;
				INFOPLIST_KEY_UISupportedInterfaceOrientations_iPad = "UIInterfaceOrientationPortrait UIInterfaceOrientationPortraitUpsideDown UIInterfaceOrientationLandscapeLeft UIInterfaceOrientationLandscapeRight";
				INFOPLIST_KEY_UISupportedInterfaceOrientations_iPhone = "UIInterfaceOrientationPortrait UIInterfaceOrientationLandscapeLeft UIInterfaceOrientationLandscapeRight";
				LD_RUNPATH_SEARCH_PATHS = (
					"$(inherited)",
					"@executable_path/Frameworks",
				);
				MARKETING_VERSION = 1.0;
				PRODUCT_BUNDLE_IDENTIFIER = com.miley.MediaProject;
				PRODUCT_NAME = "$(TARGET_NAME)";
				SWIFT_EMIT_LOC_STRINGS = YES;
				SWIFT_VERSION = 5.0;
				TARGETED_DEVICE_FAMILY = "1,2";
			};
			name = Release;
		};
/* End XCBuildConfiguration section */

/* Begin XCConfigurationList section */
		B053C3B02C0F4A8F009A98E4 /* Build configuration list for PBXProject "MediaProject" */ = {
			isa = XCConfigurationList;
			buildConfigurations = (
				B053C3C72C0F4A90009A98E4 /* Debug */,
				B053C3C82C0F4A90009A98E4 /* Release */,
			);
			defaultConfigurationIsVisible = 0;
			defaultConfigurationName = Release;
		};
		B053C3C92C0F4A90009A98E4 /* Build configuration list for PBXNativeTarget "MediaProject" */ = {
			isa = XCConfigurationList;
			buildConfigurations = (
				B053C3CA2C0F4A90009A98E4 /* Debug */,
				B053C3CB2C0F4A90009A98E4 /* Release */,
			);
			defaultConfigurationIsVisible = 0;
			defaultConfigurationName = Release;
		};
/* End XCConfigurationList section */

/* Begin XCRemoteSwiftPackageReference section */
		B01BF85D2C1729E100CD30B9 /* XCRemoteSwiftPackageReference "Alamofire" */ = {
			isa = XCRemoteSwiftPackageReference;
			repositoryURL = "https://github.com/Alamofire/Alamofire.git";
			requirement = {
				kind = upToNextMajorVersion;
				minimumVersion = 5.9.1;
			};
		};
		B02B65C72C17E155002C17B9 /* XCRemoteSwiftPackageReference "Kingfisher" */ = {
			isa = XCRemoteSwiftPackageReference;
			repositoryURL = "https://github.com/onevcat/Kingfisher.git";
			requirement = {
				kind = upToNextMajorVersion;
				minimumVersion = 7.12.0;
			};
		};
		B0F8A4672C0FDAC600639E84 /* XCRemoteSwiftPackageReference "SnapKit" */ = {
			isa = XCRemoteSwiftPackageReference;
			repositoryURL = "https://github.com/SnapKit/SnapKit.git";
			requirement = {
				kind = upToNextMajorVersion;
				minimumVersion = 5.7.1;
			};
		};
/* End XCRemoteSwiftPackageReference section */

/* Begin XCSwiftPackageProductDependency section */
		B01BF85E2C1729E100CD30B9 /* Alamofire */ = {
			isa = XCSwiftPackageProductDependency;
			package = B01BF85D2C1729E100CD30B9 /* XCRemoteSwiftPackageReference "Alamofire" */;
			productName = Alamofire;
		};
		B02B65C82C17E155002C17B9 /* Kingfisher */ = {
			isa = XCSwiftPackageProductDependency;
			package = B02B65C72C17E155002C17B9 /* XCRemoteSwiftPackageReference "Kingfisher" */;
			productName = Kingfisher;
		};
		B0F8A4682C0FDAC600639E84 /* SnapKit */ = {
			isa = XCSwiftPackageProductDependency;
			package = B0F8A4672C0FDAC600639E84 /* XCRemoteSwiftPackageReference "SnapKit" */;
			productName = SnapKit;
		};
/* End XCSwiftPackageProductDependency section */
	};
	rootObject = B053C3AD2C0F4A8F009A98E4 /* Project object */;
}
